name: Lock closed issues and PRs
on:
  workflow_dispatch: {}
  schedule:
    - cron: '0 0 * * *'

permissions:
  issues: write
  pull-requests: write
  discussions: write

concurrency:
  group: lock-threads

jobs:
  action:
    runs-on: ubuntu-latest
    steps:
      - uses: dessant/lock-threads@v5
        with:
          pr-inactive-days: 30
          issue-inactive-days: 30
          add-issue-labels: 'frozen-due-to-age'
          add-pr-labels: 'frozen-due-to-age'
          process-only: 'issues, prs'
